{
  "name": "awesome-dsh-plugin",
  "version": "0.1.0",
  "lockfileVersion": 3,
  "requires": true,
  "packages": {
    "": {
      "name": "awesome-dsh-plugin",
      "version": "0.1.0",
      "license": "CC0-1.0",
      "devDependencies": {
        "dsh-trust-check": "^0.1.13",
        "js-yaml": "^5.3.0",
        "marked": "^18.0.9",
        "parse5": "^8.0.1"
      }
    },
    "node_modules/argparse": {
      "version": "2.0.1",
      "resolved": "https://registry.npmjs.org/argparse/-/argparse-2.0.1.tgz",
      "integrity": "sha512-8+9WqebbFzpX9OR+Wa6O29asIogeRMzcGtAINdpMHHyAg10f05aSFVBbcEqGf/PXw1EjAZ+q2/bEBg3DvurK3Q==",
      "dev": true,
      "license": "Python-2.0"
    },
    "node_modules/dsh-trust-check": {
      "version": "0.1.13",
      "resolved": "https://registry.npmmirror.com/dsh-trust-check/-/dsh-trust-check-0.1.13.tgz",
      "integrity": "sha512-j1Yz/iXgBMF5TAxCzlOAVe75k7RhVk+C6Uj9TTx4kM2wl/qmuOexkoPm1agdiwnlBIpcakpvGoBzmL4giFdyWg==",
      "dev": true,
      "license": "MIT",
      "dependencies": {
        "js-yaml": "^4.1.0"
      },
      "bin": {
        "dsh-trust-check": "bin/trust-check.mjs"
      },
      "engines": {
        "dsh": ">=0.1.0-rc.8",
        "node": "^22.19.0 || >=24.0.0"
      },
      "peerDependencies": {
        "@deepseek-ai/cordis": ">=4.0.0-rc.7",
        "@deepseek-ai/dsh-client-locale": ">=0.1.0-rc.5",
        "@deepseek-ai/dsh-client-store": ">=0.1.0-rc.5",
        "@deepseek-ai/dsh-client-ui-settings": ">=0.1.0-rc.5",
        "@deepseek-ai/dsh-client-ui-slots": ">=0.1.0-rc.5",
        "react": "^18.2.0"
      },
      "peerDependenciesMeta": {
        "@deepseek-ai/cordis": {
          "optional": true
        },
        "@deepseek-ai/dsh-client-locale": {
          "optional": true
        },
        "@deepseek-ai/dsh-client-store": {
          "optional": true
        },
        "@deepseek-ai/dsh-client-ui-settings": {
          "optional": true
        },
        "@deepseek-ai/dsh-client-ui-slots": {
          "optional": true
        },
        "react": {
          "optional": true
        }
      }
    },
    "node_modules/dsh-trust-check/node_modules/js-yaml": {
      "version": "4.3.2",
      "resolved": "https://registry.npmmirror.com/js-yaml/-/js-yaml-4.3.2.tgz",
      "integrity": "sha512-SFNOvSJ+Dgf/9An904Yx+CgSlIPCkIpao4qo51lpee25TIRejdH3rhR4EZMGoNx3/TP3O+wzWuiTFl4sqbltzA==",
      "dev": true,
      "funding": [
        {
          "type": "github",
          "url": "https://github.com/sponsors/puzrin"
        },
        {
          "type": "github",
          "url": "https://github.com/sponsors/nodeca"
        }
      ],
      "license": "MIT",
      "dependencies": {
        "argparse": "^2.0.1"
      },
      "bin": {
        "js-yaml": "bin/js-yaml.js"
      }
    },
    "node_modules/entities": {
      "version": "8.1.0",
      "resolved": "https://registry.npmjs.org/entities/-/entities-8.1.0.tgz",
      "integrity": "sha512-kxL7msIffSuh9aaFAMD7rxAIuTRMAHMeBtgHW2yUdWw732ZNh4MehkF2gdjvtdmikkaIP9bFDDJOPlsvm7avrA==",
      "dev": true,
      "license": "BSD-2-Clause",
      "engines": {
        "node": ">=20.19.0"
      },
      "funding": {
        "url": "https://github.com/fb55/entities?sponsor=1"
      }
    },
    "node_modules/js-yaml": {
      "version": "5.3.0",
      "resolved": "https://registry.npmjs.org/js-yaml/-/js-yaml-5.3.0.tgz",
      "integrity": "sha512-muutsYr+e2+d3rTgUGslq5rxbBlUy3cJ61IsHag2QNDQV+7zXWjkUpmALIajhrlLlrgRUiymj6U3zUr/TMK84Q==",
      "dev": true,
      "funding": [
        {
          "type": "github",
          "url": "https://github.com/sponsors/puzrin"
        },
        {
          "type": "github",
          "url": "https://github.com/sponsors/nodeca"
        }
      ],
      "license": "MIT",
      "dependencies": {
        "argparse": "^2.0.1"
      },
      "bin": {
        "js-yaml": "bin/js-yaml.mjs"
      }
    },
    "node_modules/marked": {
      "version": "18.0.9",
      "resolved": "https://registry.npmjs.org/marked/-/marked-18.0.9.tgz",
      "integrity": "sha512-/Sa4qiiHZxf0/FQdBBowr9q4r10krCwMvpK48FUBdXdUXScDxiQGR9zCPrFgRVR5LU3iySOiIjy09ZQvADir1w==",
      "dev": true,
      "license": "MIT",
      "bin": {
        "marked": "bin/marked.js"
      },
      "engines": {
        "node": ">= 20"
      }
    },
    "node_modules/parse5": {
      "version": "8.0.1",
      "resolved": "https://registry.npmjs.org/parse5/-/parse5-8.0.1.tgz",
      "integrity": "sha512-z1e/HMG90obSGeidlli3hj7cbocou0/wa5HacvI3ASx34PecNjNQeaHNo5WIZpWofN9kgkqV1q5YvXe3F0FoPw==",
      "dev": true,
      "license": "MIT",
      "dependencies": {
        "entities": "^8.0.0"
      },
      "funding": {
        "url": "https://github.com/inikulin/parse5?sponsor=1"
      }
    }
  }
}
